<?xml version="1.0" encoding="utf-8"?>
<Project ToolsVersion="4.0" xmlns="http://schemas.microsoft.com/developer/msbuild/2003">
  <ItemGroup>
    <Filter Include="Source Files">
      <UniqueIdentifier>{4FC737F1-C7A5-4376-A066-2A32D752A2FF}</UniqueIdentifier>
      <Extensions>cpp;c;cc;cxx;def;odl;idl;hpj;bat;asm;asmx</Extensions>
    </Filter>
    <Filter Include="Header Files">
      <UniqueIdentifier>{93995380-89BD-4b04-88EB-625FBE52EBFB}</UniqueIdentifier>
      <Extensions>h;hpp;hxx;hm;inl;inc;xsd</Extensions>
    </Filter>
    <Filter Include="Resource Files">
      <UniqueIdentifier>{67DA6AB6-F800-4c08-8B7A-83BB121AAD01}</UniqueIdentifier>
      <Extensions>rc;ico;cur;bmp;dlg;rc2;rct;bin;rgs;gif;jpg;jpeg;jpe;resx;tiff;tif;png;wav;mfcribbon-ms</Extensions>
    </Filter>
    <Filter Include="Support Files">
      <UniqueIdentifier>{46b0ee6d-ba94-4f51-ab17-a72e92a37df2}</UniqueIdentifier>
    </Filter>
    <Filter Include="Support Files\fmod">
      <UniqueIdentifier>{ba3af033-d653-4f66-bd50-83ddc3663adc}</UniqueIdentifier>
    </Filter>
    <Filter Include="Support Files\lua">
      <UniqueIdentifier>{575c43d1-5d33-4c50-be3a-cbe06cd5a34b}</UniqueIdentifier>
    </Filter>
    <Filter Include="Support Files\json">
      <UniqueIdentifier>{afb149bf-5620-4057-a8a1-2e4d35853add}</UniqueIdentifier>
    </Filter>
    <Filter Include="Support Files\sdl">
      <UniqueIdentifier>{dc735b59-31da-4a8c-89f8-9f383fae44a5}</UniqueIdentifier>
    </Filter>
  </ItemGroup>
  <ItemGroup>
    <ClCompile Include="main.cpp">
      <Filter>Source Files</Filter>
    </ClCompile>
    <ClCompile Include="rect.cpp">
      <Filter>Source Files</Filter>
    </ClCompile>
    <ClCompile Include="ports.cpp">
      <Filter>Source Files</Filter>
    </ClCompile>
    <ClCompile Include="fonts.cpp">
      <Filter>Source Files</Filter>
    </ClCompile>
    <ClCompile Include="pack.cpp">
      <Filter>Source Files</Filter>
    </ClCompile>
    <ClCompile Include="support\picopng.cpp">
      <Filter>Support Files</Filter>
    </ClCompile>
    <ClCompile Include="audio.cpp">
      <Filter>Source Files</Filter>
    </ClCompile>
    <ClCompile Include="lua.cpp">
      <Filter>Source Files</Filter>
    </ClCompile>
    <ClCompile Include="support\json\JSONValue.cpp">
      <Filter>Support Files\json</Filter>
    </ClCompile>
    <ClCompile Include="support\json\JSON.cpp">
      <Filter>Support Files\json</Filter>
    </ClCompile>
    <ClCompile Include="views.cpp">
      <Filter>Source Files</Filter>
    </ClCompile>
    <ClCompile Include="pictures.cpp">
      <Filter>Source Files</Filter>
    </ClCompile>
    <ClCompile Include="serializer.cpp">
      <Filter>Source Files</Filter>
    </ClCompile>
    <ClCompile Include="controls.cpp">
      <Filter>Source Files</Filter>
    </ClCompile>
    <ClCompile Include="opengl.cpp">
      <Filter>Source Files</Filter>
    </ClCompile>
  </ItemGroup>
  <ItemGroup>
    <ResourceCompile Include="res.rc">
      <Filter>Resource Files</Filter>
    </ResourceCompile>
  </ItemGroup>
  <ItemGroup>
    <None Include="NewSCI.ico">
      <Filter>Resource Files</Filter>
    </None>
  </ItemGroup>
  <ItemGroup>
    <ClInclude Include="NewSCI.h">
      <Filter>Header Files</Filter>
    </ClInclude>
    <ClInclude Include="types.h">
      <Filter>Header Files</Filter>
    </ClInclude>
    <ClInclude Include="ports.h">
      <Filter>Header Files</Filter>
    </ClInclude>
    <ClInclude Include="fonts.h">
      <Filter>Header Files</Filter>
    </ClInclude>
    <ClInclude Include="pack.h">
      <Filter>Header Files</Filter>
    </ClInclude>
    <ClInclude Include="audio.h">
      <Filter>Header Files</Filter>
    </ClInclude>
    <ClInclude Include="lua.h">
      <Filter>Header Files</Filter>
    </ClInclude>
    <ClInclude Include="support\json\JSONValue.h">
      <Filter>Support Files\json</Filter>
    </ClInclude>
    <ClInclude Include="support\json\JSON.h">
      <Filter>Support Files\json</Filter>
    </ClInclude>
    <ClInclude Include="support\sol.hpp">
      <Filter>Support Files</Filter>
    </ClInclude>
    <ClInclude Include="views.h">
      <Filter>Header Files</Filter>
    </ClInclude>
    <ClInclude Include="pictures.h">
      <Filter>Header Files</Filter>
    </ClInclude>
    <ClInclude Include="serializer.h">
      <Filter>Header Files</Filter>
    </ClInclude>
    <ClInclude Include="support\sdl2\close_code.h">
      <Filter>Support Files\sdl</Filter>
    </ClInclude>
    <ClInclude Include="support\sdl2\SDL.h">
      <Filter>Support Files\sdl</Filter>
    </ClInclude>
    <ClInclude Include="support\sdl2\SDL_assert.h">
      <Filter>Support Files\sdl</Filter>
    </ClInclude>
    <ClInclude Include="support\sdl2\SDL_bits.h">
      <Filter>Support Files\sdl</Filter>
    </ClInclude>
    <ClInclude Include="support\sdl2\SDL_blendmode.h">
      <Filter>Support Files\sdl</Filter>
    </ClInclude>
    <ClInclude Include="support\sdl2\SDL_config.h">
      <Filter>Support Files\sdl</Filter>
    </ClInclude>
    <ClInclude Include="support\sdl2\SDL_endian.h">
      <Filter>Support Files\sdl</Filter>
    </ClInclude>
    <ClInclude Include="support\sdl2\SDL_error.h">
      <Filter>Support Files\sdl</Filter>
    </ClInclude>
    <ClInclude Include="support\sdl2\SDL_events.h">
      <Filter>Support Files\sdl</Filter>
    </ClInclude>
    <ClInclude Include="support\sdl2\SDL_keyboard.h">
      <Filter>Support Files\sdl</Filter>
    </ClInclude>
    <ClInclude Include="support\sdl2\SDL_keycode.h">
      <Filter>Support Files\sdl</Filter>
    </ClInclude>
    <ClInclude Include="support\sdl2\SDL_log.h">
      <Filter>Support Files\sdl</Filter>
    </ClInclude>
    <ClInclude Include="support\sdl2\SDL_main.h">
      <Filter>Support Files\sdl</Filter>
    </ClInclude>
    <ClInclude Include="support\sdl2\SDL_messagebox.h">
      <Filter>Support Files\sdl</Filter>
    </ClInclude>
    <ClInclude Include="support\sdl2\SDL_mouse.h">
      <Filter>Support Files\sdl</Filter>
    </ClInclude>
    <ClInclude Include="support\sdl2\SDL_name.h">
      <Filter>Support Files\sdl</Filter>
    </ClInclude>
    <ClInclude Include="support\sdl2\SDL_pixels.h">
      <Filter>Support Files\sdl</Filter>
    </ClInclude>
    <ClInclude Include="support\sdl2\SDL_platform.h">
      <Filter>Support Files\sdl</Filter>
    </ClInclude>
    <ClInclude Include="support\sdl2\SDL_quit.h">
      <Filter>Support Files\sdl</Filter>
    </ClInclude>
    <ClInclude Include="support\sdl2\SDL_rect.h">
      <Filter>Support Files\sdl</Filter>
    </ClInclude>
    <ClInclude Include="support\sdl2\SDL_revision.h">
      <Filter>Support Files\sdl</Filter>
    </ClInclude>
    <ClInclude Include="support\sdl2\SDL_rwops.h">
      <Filter>Support Files\sdl</Filter>
    </ClInclude>
    <ClInclude Include="support\sdl2\SDL_scancode.h">
      <Filter>Support Files\sdl</Filter>
    </ClInclude>
    <ClInclude Include="support\sdl2\SDL_stdinc.h">
      <Filter>Support Files\sdl</Filter>
    </ClInclude>
    <ClInclude Include="support\sdl2\SDL_surface.h">
      <Filter>Support Files\sdl</Filter>
    </ClInclude>
    <ClInclude Include="support\sdl2\SDL_syswm.h">
      <Filter>Support Files\sdl</Filter>
    </ClInclude>
    <ClInclude Include="support\sdl2\SDL_timer.h">
      <Filter>Support Files\sdl</Filter>
    </ClInclude>
    <ClInclude Include="support\sdl2\SDL_types.h">
      <Filter>Support Files\sdl</Filter>
    </ClInclude>
    <ClInclude Include="support\sdl2\SDL_video.h">
      <Filter>Support Files\sdl</Filter>
    </ClInclude>
    <ClInclude Include="support\sdl2\begin_code.h">
      <Filter>Support Files\sdl</Filter>
    </ClInclude>
    <ClInclude Include="support\sdl2\SDL_render.h">
      <Filter>Support Files\sdl</Filter>
    </ClInclude>
    <ClInclude Include="controls.h">
      <Filter>Header Files</Filter>
    </ClInclude>
    <ClInclude Include="support\sdl2\SDL_version.h">
      <Filter>Support Files\sdl</Filter>
    </ClInclude>
    <ClInclude Include="support\fmod\fmod.h">
      <Filter>Support Files\fmod</Filter>
    </ClInclude>
    <ClInclude Include="support\fmod\fmod.hpp">
      <Filter>Support Files\fmod</Filter>
    </ClInclude>
    <ClInclude Include="support\fmod\fmod_dsp.h">
      <Filter>Support Files\fmod</Filter>
    </ClInclude>
    <ClInclude Include="support\fmod\fmod_errors.h">
      <Filter>Support Files\fmod</Filter>
    </ClInclude>
    <ClInclude Include="support\lua\lauxlib.h">
      <Filter>Support Files\lua</Filter>
    </ClInclude>
    <ClInclude Include="support\lua\lua.h">
      <Filter>Support Files\lua</Filter>
    </ClInclude>
    <ClInclude Include="support\lua\lua.hpp">
      <Filter>Support Files\lua</Filter>
    </ClInclude>
    <ClInclude Include="support\lua\luaconf.h">
      <Filter>Support Files\lua</Filter>
    </ClInclude>
    <ClInclude Include="support\lua\lualib.h">
      <Filter>Support Files\lua</Filter>
    </ClInclude>
  </ItemGroup>
</Project>